
Microsoft Visual Studio Solution File, Format Version 12.00
# Visual Studio Version 17
VisualStudioVersion = 17.14.36717.8 d17.14
MinimumVisualStudioVersion = 10.0.40219.1
Project("{FAE04EC0-301F-11D3-BF4B-00C04F79EFBC}") = "PS4 Controller Light Color Editor Tool", "PS4 Controller Light Color Editor Tool\PS4 Controller Light Color Editor Tool.csproj", "{B65D8564-650D-4BBD-B88A-01691C321EC6}"
EndProject
Global
	GlobalSection(SolutionConfigurationPlatforms) = preSolution
		Debug|Any CPU = Debug|Any CPU
		Release|Any CPU = Release|Any CPU
	EndGlobalSection
	GlobalSection(ProjectConfigurationPlatforms) = postSolution
		{B65D8564-650D-4BBD-B88A-01691C321EC6}.Debug|Any CPU.ActiveCfg = Debug|Any CPU
		{B65D8564-650D-4BBD-B88A-01691C321EC6}.Debug|Any CPU.Build.0 = Debug|Any CPU
		{B65D8564-650D-4BBD-B88A-01691C321EC6}.Release|Any CPU.ActiveCfg = Release|Any CPU
		{B65D8564-650D-4BBD-B88A-01691C321EC6}.Release|Any CPU.Build.0 = Release|Any CPU
	EndGlobalSection
	GlobalSection(SolutionProperties) = preSolution
		HideSolutionNode = FALSE
	EndGlobalSection
	GlobalSection(ExtensibilityGlobals) = postSolution
		SolutionGuid = {3D3846E6-8962-45D2-A357-B221C1B5CF62}
	EndGlobalSection
EndGlobal
